// !$*UTF8*$!
{
	archiveVersion = 1;
	classes = {
	};
	objectVersion = 46;
	objects = {

/* Begin PBXBuildFile section */
		852730691B710ABF00434D81 /* main.m in Sources */ = {isa = PBXBuildFile; fileRef = 852730681B710ABF00434D81 /* main.m */; };
		8527306C1B710ABF00434D81 /* AppDelegate.m in Sources */ = {isa = PBXBuildFile; fileRef = 8527306B1B710ABF00434D81 /* AppDelegate.m */; };
		8527306F1B710ABF00434D81 /* ViewController.m in Sources */ = {isa = PBXBuildFile; fileRef = 8527306E1B710ABF00434D81 /* ViewController.m */; };
		852730721B710ABF00434D81 /* Main.storyboard in Resources */ = {isa = PBXBuildFile; fileRef = 852730701B710ABF00434D81 /* Main.storyboard */; };
		852730741B710ABF00434D81 /* Images.xcassets in Resources */ = {isa = PBXBuildFile; fileRef = 852730731B710ABF00434D81 /* Images.xcassets */; };
		852730771B710ABF00434D81 /* LaunchScreen.xib in Resources */ = {isa = PBXBuildFile; fileRef = 852730751B710ABF00434D81 /* LaunchScreen.xib */; };
		852730831B710ABF00434D81 /* RetailSampleTests.m in Sources */ = {isa = PBXBuildFile; fileRef = 852730821B710ABF00434D81 /* RetailSampleTests.m */; };
		852730CC1B710AE300434D81 /* DatabaseManager.m in Sources */ = {isa = PBXBuildFile; fileRef = 8527308F1B710AE300434D81 /* DatabaseManager.m */; };
		852730CD1B710AE300434D81 /* MagicalImportFunctions.m in Sources */ = {isa = PBXBuildFile; fileRef = 852730941B710AE300434D81 /* MagicalImportFunctions.m */; };
		852730CE1B710AE300434D81 /* NSAttributeDescription+MagicalDataImport.m in Sources */ = {isa = PBXBuildFile; fileRef = 852730961B710AE300434D81 /* NSAttributeDescription+MagicalDataImport.m */; };
		852730CF1B710AE300434D81 /* NSEntityDescription+MagicalDataImport.m in Sources */ = {isa = PBXBuildFile; fileRef = 852730981B710AE300434D81 /* NSEntityDescription+MagicalDataImport.m */; };
		852730D01B710AE300434D81 /* NSNumber+MagicalDataImport.m in Sources */ = {isa = PBXBuildFile; fileRef = 8527309A1B710AE300434D81 /* NSNumber+MagicalDataImport.m */; };
		852730D11B710AE300434D81 /* NSObject+MagicalDataImport.m in Sources */ = {isa = PBXBuildFile; fileRef = 8527309C1B710AE300434D81 /* NSObject+MagicalDataImport.m */; };
		852730D21B710AE300434D81 /* NSRelationshipDescription+MagicalDataImport.m in Sources */ = {isa = PBXBuildFile; fileRef = 8527309E1B710AE300434D81 /* NSRelationshipDescription+MagicalDataImport.m */; };
		852730D31B710AE300434D81 /* NSString+MagicalDataImport.m in Sources */ = {isa = PBXBuildFile; fileRef = 852730A01B710AE300434D81 /* NSString+MagicalDataImport.m */; };
		852730D41B710AE300434D81 /* NSManagedObject+MagicalAggregation.m in Sources */ = {isa = PBXBuildFile; fileRef = 852730A31B710AE300434D81 /* NSManagedObject+MagicalAggregation.m */; };
		852730D51B710AE300434D81 /* NSManagedObject+MagicalDataImport.m in Sources */ = {isa = PBXBuildFile; fileRef = 852730A51B710AE300434D81 /* NSManagedObject+MagicalDataImport.m */; };
		852730D61B710AE300434D81 /* NSManagedObject+MagicalFinders.m in Sources */ = {isa = PBXBuildFile; fileRef = 852730A71B710AE300434D81 /* NSManagedObject+MagicalFinders.m */; };
		852730D71B710AE300434D81 /* NSManagedObject+MagicalRecord.m in Sources */ = {isa = PBXBuildFile; fileRef = 852730A91B710AE300434D81 /* NSManagedObject+MagicalRecord.m */; };
		852730D81B710AE300434D81 /* NSManagedObject+MagicalRequests.m in Sources */ = {isa = PBXBuildFile; fileRef = 852730AB1B710AE300434D81 /* NSManagedObject+MagicalRequests.m */; };
		852730D91B710AE300434D81 /* NSManagedObjectContext+MagicalObserving.m in Sources */ = {isa = PBXBuildFile; fileRef = 852730AE1B710AE300434D81 /* NSManagedObjectContext+MagicalObserving.m */; };
		852730DA1B710AE300434D81 /* NSManagedObjectContext+MagicalRecord.m in Sources */ = {isa = PBXBuildFile; fileRef = 852730B01B710AE300434D81 /* NSManagedObjectContext+MagicalRecord.m */; };
		852730DB1B710AE300434D81 /* NSManagedObjectContext+MagicalSaves.m in Sources */ = {isa = PBXBuildFile; fileRef = 852730B21B710AE300434D81 /* NSManagedObjectContext+MagicalSaves.m */; };
		852730DC1B710AE300434D81 /* NSManagedObjectContext+MagicalThreading.m in Sources */ = {isa = PBXBuildFile; fileRef = 852730B41B710AE300434D81 /* NSManagedObjectContext+MagicalThreading.m */; };
		852730DD1B710AE300434D81 /* NSManagedObjectModel+MagicalRecord.m in Sources */ = {isa = PBXBuildFile; fileRef = 852730B61B710AE300434D81 /* NSManagedObjectModel+MagicalRecord.m */; };
		852730DE1B710AE300434D81 /* NSPersistentStore+MagicalRecord.m in Sources */ = {isa = PBXBuildFile; fileRef = 852730B81B710AE300434D81 /* NSPersistentStore+MagicalRecord.m */; };
		852730DF1B710AE300434D81 /* NSPersistentStoreCoordinator+MagicalRecord.m in Sources */ = {isa = PBXBuildFile; fileRef = 852730BA1B710AE300434D81 /* NSPersistentStoreCoordinator+MagicalRecord.m */; };
		852730E01B710AE300434D81 /* MagicalRecord+Actions.m in Sources */ = {isa = PBXBuildFile; fileRef = 852730BD1B710AE300434D81 /* MagicalRecord+Actions.m */; };
		852730E11B710AE300434D81 /* MagicalRecord+ErrorHandling.m in Sources */ = {isa = PBXBuildFile; fileRef = 852730BF1B710AE300434D81 /* MagicalRecord+ErrorHandling.m */; };
		852730E21B710AE300434D81 /* MagicalRecord+iCloud.m in Sources */ = {isa = PBXBuildFile; fileRef = 852730C11B710AE300434D81 /* MagicalRecord+iCloud.m */; };
		852730E31B710AE300434D81 /* MagicalRecord+Options.m in Sources */ = {isa = PBXBuildFile; fileRef = 852730C31B710AE300434D81 /* MagicalRecord+Options.m */; };
		852730E41B710AE300434D81 /* MagicalRecord+Setup.m in Sources */ = {isa = PBXBuildFile; fileRef = 852730C51B710AE300434D81 /* MagicalRecord+Setup.m */; };
		852730E51B710AE300434D81 /* MagicalRecord+ShorthandSupport.m in Sources */ = {isa = PBXBuildFile; fileRef = 852730C71B710AE300434D81 /* MagicalRecord+ShorthandSupport.m */; };
		852730E61B710AE300434D81 /* MagicalRecord.m in Sources */ = {isa = PBXBuildFile; fileRef = 852730C91B710AE300434D81 /* MagicalRecord.m */; };
		852730E91B710B1E00434D81 /* RetailSample.xcdatamodeld in Sources */ = {isa = PBXBuildFile; fileRef = 852730E71B710B1E00434D81 /* RetailSample.xcdatamodeld */; };
		8527310A1B7113E800434D81 /* Product.m in Sources */ = {isa = PBXBuildFile; fileRef = 852731091B7113E800434D81 /* Product.m */; };
		8527310D1B7113E800434D81 /* ProductCategory.m in Sources */ = {isa = PBXBuildFile; fileRef = 8527310C1B7113E800434D81 /* ProductCategory.m */; };
		852731111B71141300434D81 /* NSObject+PE.m in Sources */ = {isa = PBXBuildFile; fileRef = 852731101B71141300434D81 /* NSObject+PE.m */; };
/* End PBXBuildFile section */

/* Begin PBXContainerItemProxy section */
		8527307D1B710ABF00434D81 /* PBXContainerItemProxy */ = {
			isa = PBXContainerItemProxy;
			containerPortal = 8527305B1B710ABF00434D81 /* Project object */;
			proxyType = 1;
			remoteGlobalIDString = 852730621B710ABF00434D81;
			remoteInfo = RetailSample;
		};
/* End PBXContainerItemProxy section */

/* Begin PBXFileReference section */
		852730631B710ABF00434D81 /* RetailSample.app */ = {isa = PBXFileReference; explicitFileType = wrapper.application; includeInIndex = 0; path = RetailSample.app; sourceTree = BUILT_PRODUCTS_DIR; };
		852730671B710ABF00434D81 /* Info.plist */ = {isa = PBXFileReference; lastKnownFileType = text.plist.xml; path = Info.plist; sourceTree = "<group>"; };
		852730681B710ABF00434D81 /* main.m */ = {isa = PBXFileReference; lastKnownFileType = sourcecode.c.objc; path = main.m; sourceTree = "<group>"; };
		8527306A1B710ABF00434D81 /* AppDelegate.h */ = {isa = PBXFileReference; lastKnownFileType = sourcecode.c.h; path = AppDelegate.h; sourceTree = "<group>"; };
		8527306B1B710ABF00434D81 /* AppDelegate.m */ = {isa = PBXFileReference; lastKnownFileType = sourcecode.c.objc; path = AppDelegate.m; sourceTree = "<group>"; };
		8527306D1B710ABF00434D81 /* ViewController.h */ = {isa = PBXFileReference; lastKnownFileType = sourcecode.c.h; path = ViewController.h; sourceTree = "<group>"; };
		8527306E1B710ABF00434D81 /* ViewController.m */ = {isa = PBXFileReference; lastKnownFileType = sourcecode.c.objc; path = ViewController.m; sourceTree = "<group>"; };
		852730711B710ABF00434D81 /* Base */ = {isa = PBXFileReference; lastKnownFileType = file.storyboard; name = Base; path = Base.lproj/Main.storyboard; sourceTree = "<group>"; };
		852730731B710ABF00434D81 /* Images.xcassets */ = {isa = PBXFileReference; lastKnownFileType = folder.assetcatalog; path = Images.xcassets; sourceTree = "<group>"; };
		852730761B710ABF00434D81 /* Base */ = {isa = PBXFileReference; lastKnownFileType = file.xib; name = Base; path = Base.lproj/LaunchScreen.xib; sourceTree = "<group>"; };
		8527307C1B710ABF00434D81 /* RetailSampleTests.xctest */ = {isa = PBXFileReference; explicitFileType = wrapper.cfbundle; includeInIndex = 0; path = RetailSampleTests.xctest; sourceTree = BUILT_PRODUCTS_DIR; };
		852730811B710ABF00434D81 /* Info.plist */ = {isa = PBXFileReference; lastKnownFileType = text.plist.xml; path = Info.plist; sourceTree = "<group>"; };
		852730821B710ABF00434D81 /* RetailSampleTests.m */ = {isa = PBXFileReference; lastKnownFileType = sourcecode.c.objc; path = RetailSampleTests.m; sourceTree = "<group>"; };
		8527308D1B710AE300434D81 /* CoreDataModals.h */ = {isa = PBXFileReference; fileEncoding = 4; lastKnownFileType = sourcecode.c.h; path = CoreDataModals.h; sourceTree = "<group>"; };
		8527308E1B710AE300434D81 /* DatabaseManager.h */ = {isa = PBXFileReference; fileEncoding = 4; lastKnownFileType = sourcecode.c.h; path = DatabaseManager.h; sourceTree = "<group>"; };
		8527308F1B710AE300434D81 /* DatabaseManager.m */ = {isa = PBXFileReference; fileEncoding = 4; lastKnownFileType = sourcecode.c.objc; path = DatabaseManager.m; sourceTree = "<group>"; };
		852730931B710AE300434D81 /* MagicalImportFunctions.h */ = {isa = PBXFileReference; fileEncoding = 4; lastKnownFileType = sourcecode.c.h; path = MagicalImportFunctions.h; sourceTree = "<group>"; };
		852730941B710AE300434D81 /* MagicalImportFunctions.m */ = {isa = PBXFileReference; fileEncoding = 4; lastKnownFileType = sourcecode.c.objc; path = MagicalImportFunctions.m; sourceTree = "<group>"; };
		852730951B710AE300434D81 /* NSAttributeDescription+MagicalDataImport.h */ = {isa = PBXFileReference; fileEncoding = 4; lastKnownFileType = sourcecode.c.h; path = "NSAttributeDescription+MagicalDataImport.h"; sourceTree = "<group>"; };
		852730961B710AE300434D81 /* NSAttributeDescription+MagicalDataImport.m */ = {isa = PBXFileReference; fileEncoding = 4; lastKnownFileType = sourcecode.c.objc; path = "NSAttributeDescription+MagicalDataImport.m"; sourceTree = "<group>"; };
		852730971B710AE300434D81 /* NSEntityDescription+MagicalDataImport.h */ = {isa = PBXFileReference; fileEncoding = 4; lastKnownFileType = sourcecode.c.h; path = "NSEntityDescription+MagicalDataImport.h"; sourceTree = "<group>"; };
		852730981B710AE300434D81 /* NSEntityDescription+MagicalDataImport.m */ = {isa = PBXFileReference; fileEncoding = 4; lastKnownFileType = sourcecode.c.objc; path = "NSEntityDescription+MagicalDataImport.m"; sourceTree = "<group>"; };
		852730991B710AE300434D81 /* NSNumber+MagicalDataImport.h */ = {isa = PBXFileReference; fileEncoding = 4; lastKnownFileType = sourcecode.c.h; path = "NSNumber+MagicalDataImport.h"; sourceTree = "<group>"; };
		8527309A1B710AE300434D81 /* NSNumber+MagicalDataImport.m */ = {isa = PBXFileReference; fileEncoding = 4; lastKnownFileType = sourcecode.c.objc; path = "NSNumber+MagicalDataImport.m"; sourceTree = "<group>"; };
		8527309B1B710AE300434D81 /* NSObject+MagicalDataImport.h */ = {isa = PBXFileReference; fileEncoding = 4; lastKnownFileType = sourcecode.c.h; path = "NSObject+MagicalDataImport.h"; sourceTree = "<group>"; };
		8527309C1B710AE300434D81 /* NSObject+MagicalDataImport.m */ = {isa = PBXFileReference; fileEncoding = 4; lastKnownFileType = sourcecode.c.objc; path = "NSObject+MagicalDataImport.m"; sourceTree = "<group>"; };
		8527309D1B710AE300434D81 /* NSRelationshipDescription+MagicalDataImport.h */ = {isa = PBXFileReference; fileEncoding = 4; lastKnownFileType = sourcecode.c.h; path = "NSRelationshipDescription+MagicalDataImport.h"; sourceTree = "<group>"; };
		8527309E1B710AE300434D81 /* NSRelationshipDescription+MagicalDataImport.m */ = {isa = PBXFileReference; fileEncoding = 4; lastKnownFileType = sourcecode.c.objc; path = "NSRelationshipDescription+MagicalDataImport.m"; sourceTree = "<group>"; };
		8527309F1B710AE300434D81 /* NSString+MagicalDataImport.h */ = {isa = PBXFileReference; fileEncoding = 4; lastKnownFileType = sourcecode.c.h; path = "NSString+MagicalDataImport.h"; sourceTree = "<group>"; };
		852730A01B710AE300434D81 /* NSString+MagicalDataImport.m */ = {isa = PBXFileReference; fileEncoding = 4; lastKnownFileType = sourcecode.c.objc; path = "NSString+MagicalDataImport.m"; sourceTree = "<group>"; };
		852730A21B710AE300434D81 /* NSManagedObject+MagicalAggregation.h */ = {isa = PBXFileReference; fileEncoding = 4; lastKnownFileType = sourcecode.c.h; path = "NSManagedObject+MagicalAggregation.h"; sourceTree = "<group>"; };
		852730A31B710AE300434D81 /* NSManagedObject+MagicalAggregation.m */ = {isa = PBXFileReference; fileEncoding = 4; lastKnownFileType = sourcecode.c.objc; path = "NSManagedObject+MagicalAggregation.m"; sourceTree = "<group>"; };
		852730A41B710AE300434D81 /* NSManagedObject+MagicalDataImport.h */ = {isa = PBXFileReference; fileEncoding = 4; lastKnownFileType = sourcecode.c.h; path = "NSManagedObject+MagicalDataImport.h"; sourceTree = "<group>"; };
		852730A51B710AE300434D81 /* NSManagedObject+MagicalDataImport.m */ = {isa = PBXFileReference; fileEncoding = 4; lastKnownFileType = sourcecode.c.objc; path = "NSManagedObject+MagicalDataImport.m"; sourceTree = "<group>"; };
		852730A61B710AE300434D81 /* NSManagedObject+MagicalFinders.h */ = {isa = PBXFileReference; fileEncoding = 4; lastKnownFileType = sourcecode.c.h; path = "NSManagedObject+MagicalFinders.h"; sourceTree = "<group>"; };
		852730A71B710AE300434D81 /* NSManagedObject+MagicalFinders.m */ = {isa = PBXFileReference; fileEncoding = 4; lastKnownFileType = sourcecode.c.objc; path = "NSManagedObject+MagicalFinders.m"; sourceTree = "<group>"; };
		852730A81B710AE300434D81 /* NSManagedObject+MagicalRecord.h */ = {isa = PBXFileReference; fileEncoding = 4; lastKnownFileType = sourcecode.c.h; path = "NSManagedObject+MagicalRecord.h"; sourceTree = "<group>"; };
		852730A91B710AE300434D81 /* NSManagedObject+MagicalRecord.m */ = {isa = PBXFileReference; fileEncoding = 4; lastKnownFileType = sourcecode.c.objc; path = "NSManagedObject+MagicalRecord.m"; sourceTree = "<group>"; };
		852730AA1B710AE300434D81 /* NSManagedObject+MagicalRequests.h */ = {isa = PBXFileReference; fileEncoding = 4; lastKnownFileType = sourcecode.c.h; path = "NSManagedObject+MagicalRequests.h"; sourceTree = "<group>"; };
		852730AB1B710AE300434D81 /* NSManagedObject+MagicalRequests.m */ = {isa = PBXFileReference; fileEncoding = 4; lastKnownFileType = sourcecode.c.objc; path = "NSManagedObject+MagicalRequests.m"; sourceTree = "<group>"; };
		852730AD1B710AE300434D81 /* NSManagedObjectContext+MagicalObserving.h */ = {isa = PBXFileReference; fileEncoding = 4; lastKnownFileType = sourcecode.c.h; path = "NSManagedObjectContext+MagicalObserving.h"; sourceTree = "<group>"; };
		852730AE1B710AE300434D81 /* NSManagedObjectContext+MagicalObserving.m */ = {isa = PBXFileReference; fileEncoding = 4; lastKnownFileType = sourcecode.c.objc; path = "NSManagedObjectContext+MagicalObserving.m"; sourceTree = "<group>"; };
		852730AF1B710AE300434D81 /* NSManagedObjectContext+MagicalRecord.h */ = {isa = PBXFileReference; fileEncoding = 4; lastKnownFileType = sourcecode.c.h; path = "NSManagedObjectContext+MagicalRecord.h"; sourceTree = "<group>"; };
		852730B01B710AE300434D81 /* NSManagedObjectContext+MagicalRecord.m */ = {isa = PBXFileReference; fileEncoding = 4; lastKnownFileType = sourcecode.c.objc; path = "NSManagedObjectContext+MagicalRecord.m"; sourceTree = "<group>"; };
		852730B11B710AE300434D81 /* NSManagedObjectContext+MagicalSaves.h */ = {isa = PBXFileReference; fileEncoding = 4; lastKnownFileType = sourcecode.c.h; path = "NSManagedObjectContext+MagicalSaves.h"; sourceTree = "<group>"; };
		852730B21B710AE300434D81 /* NSManagedObjectContext+MagicalSaves.m */ = {isa = PBXFileReference; fileEncoding = 4; lastKnownFileType = sourcecode.c.objc; path = "NSManagedObjectContext+MagicalSaves.m"; sourceTree = "<group>"; };
		852730B31B710AE300434D81 /* NSManagedObjectContext+MagicalThreading.h */ = {isa = PBXFileReference; fileEncoding = 4; lastKnownFileType = sourcecode.c.h; path = "NSManagedObjectContext+MagicalThreading.h"; sourceTree = "<group>"; };
		852730B41B710AE300434D81 /* NSManagedObjectContext+MagicalThreading.m */ = {isa = PBXFileReference; fileEncoding = 4; lastKnownFileType = sourcecode.c.objc; path = "NSManagedObjectContext+MagicalThreading.m"; sourceTree = "<group>"; };
		852730B51B710AE300434D81 /* NSManagedObjectModel+MagicalRecord.h */ = {isa = PBXFileReference; fileEncoding = 4; lastKnownFileType = sourcecode.c.h; path = "NSManagedObjectModel+MagicalRecord.h"; sourceTree = "<group>"; };
		852730B61B710AE300434D81 /* NSManagedObjectModel+MagicalRecord.m */ = {isa = PBXFileReference; fileEncoding = 4; lastKnownFileType = sourcecode.c.objc; path = "NSManagedObjectModel+MagicalRecord.m"; sourceTree = "<group>"; };
		852730B71B710AE300434D81 /* NSPersistentStore+MagicalRecord.h */ = {isa = PBXFileReference; fileEncoding = 4; lastKnownFileType = sourcecode.c.h; path = "NSPersistentStore+MagicalRecord.h"; sourceTree = "<group>"; };
		852730B81B710AE300434D81 /* NSPersistentStore+MagicalRecord.m */ = {isa = PBXFileReference; fileEncoding = 4; lastKnownFileType = sourcecode.c.objc; path = "NSPersistentStore+MagicalRecord.m"; sourceTree = "<group>"; };
		852730B91B710AE300434D81 /* NSPersistentStoreCoordinator+MagicalRecord.h */ = {isa = PBXFileReference; fileEncoding = 4; lastKnownFileType = sourcecode.c.h; path = "NSPersistentStoreCoordinator+MagicalRecord.h"; sourceTree = "<group>"; };
		852730BA1B710AE300434D81 /* NSPersistentStoreCoordinator+MagicalRecord.m */ = {isa = PBXFileReference; fileEncoding = 4; lastKnownFileType = sourcecode.c.objc; path = "NSPersistentStoreCoordinator+MagicalRecord.m"; sourceTree = "<group>"; };
		852730BC1B710AE300434D81 /* MagicalRecord+Actions.h */ = {isa = PBXFileReference; fileEncoding = 4; lastKnownFileType = sourcecode.c.h; path = "MagicalRecord+Actions.h"; sourceTree = "<group>"; };
		852730BD1B710AE300434D81 /* MagicalRecord+Actions.m */ = {isa = PBXFileReference; fileEncoding = 4; lastKnownFileType = sourcecode.c.objc; path = "MagicalRecord+Actions.m"; sourceTree = "<group>"; };
		852730BE1B710AE300434D81 /* MagicalRecord+ErrorHandling.h */ = {isa = PBXFileReference; fileEncoding = 4; lastKnownFileType = sourcecode.c.h; path = "MagicalRecord+ErrorHandling.h"; sourceTree = "<group>"; };
		852730BF1B710AE300434D81 /* MagicalRecord+ErrorHandling.m */ = {isa = PBXFileReference; fileEncoding = 4; lastKnownFileType = sourcecode.c.objc; path = "MagicalRecord+ErrorHandling.m"; sourceTree = "<group>"; };
		852730C01B710AE300434D81 /* MagicalRecord+iCloud.h */ = {isa = PBXFileReference; fileEncoding = 4; lastKnownFileType = sourcecode.c.h; path = "MagicalRecord+iCloud.h"; sourceTree = "<group>"; };
		852730C11B710AE300434D81 /* MagicalRecord+iCloud.m */ = {isa = PBXFileReference; fileEncoding = 4; lastKnownFileType = sourcecode.c.objc; path = "MagicalRecord+iCloud.m"; sourceTree = "<group>"; };
		852730C21B710AE300434D81 /* MagicalRecord+Options.h */ = {isa = PBXFileReference; fileEncoding = 4; lastKnownFileType = sourcecode.c.h; path = "MagicalRecord+Options.h"; sourceTree = "<group>"; };
		852730C31B710AE300434D81 /* MagicalRecord+Options.m */ = {isa = PBXFileReference; fileEncoding = 4; lastKnownFileType = sourcecode.c.objc; path = "MagicalRecord+Options.m"; sourceTree = "<group>"; };
		852730C41B710AE300434D81 /* MagicalRecord+Setup.h */ = {isa = PBXFileReference; fileEncoding = 4; lastKnownFileType = sourcecode.c.h; path = "MagicalRecord+Setup.h"; sourceTree = "<group>"; };
		852730C51B710AE300434D81 /* MagicalRecord+Setup.m */ = {isa = PBXFileReference; fileEncoding = 4; lastKnownFileType = sourcecode.c.objc; path = "MagicalRecord+Setup.m"; sourceTree = "<group>"; };
		852730C61B710AE300434D81 /* MagicalRecord+ShorthandSupport.h */ = {isa = PBXFileReference; fileEncoding = 4; lastKnownFileType = sourcecode.c.h; path = "MagicalRecord+ShorthandSupport.h"; sourceTree = "<group>"; };
		852730C71B710AE300434D81 /* MagicalRecord+ShorthandSupport.m */ = {isa = PBXFileReference; fileEncoding = 4; lastKnownFileType = sourcecode.c.objc; path = "MagicalRecord+ShorthandSupport.m"; sourceTree = "<group>"; };
		852730C81B710AE300434D81 /* MagicalRecord.h */ = {isa = PBXFileReference; fileEncoding = 4; lastKnownFileType = sourcecode.c.h; path = MagicalRecord.h; sourceTree = "<group>"; };
		852730C91B710AE300434D81 /* MagicalRecord.m */ = {isa = PBXFileReference; fileEncoding = 4; lastKnownFileType = sourcecode.c.objc; path = MagicalRecord.m; sourceTree = "<group>"; };
		852730CA1B710AE300434D81 /* MagicalRecordShorthand.h */ = {isa = PBXFileReference; fileEncoding = 4; lastKnownFileType = sourcecode.c.h; path = MagicalRecordShorthand.h; sourceTree = "<group>"; };
		852730CB1B710AE300434D81 /* CoreData+MagicalRecord.h */ = {isa = PBXFileReference; fileEncoding = 4; lastKnownFileType = sourcecode.c.h; path = "CoreData+MagicalRecord.h"; sourceTree = "<group>"; };
		852730E81B710B1E00434D81 /* RetailSample.xcdatamodel */ = {isa = PBXFileReference; lastKnownFileType = wrapper.xcdatamodel; path = RetailSample.xcdatamodel; sourceTree = "<group>"; };
		852731081B7113E800434D81 /* Product.h */ = {isa = PBXFileReference; fileEncoding = 4; lastKnownFileType = sourcecode.c.h; path = Product.h; sourceTree = "<group>"; };
		852731091B7113E800434D81 /* Product.m */ = {isa = PBXFileReference; fileEncoding = 4; lastKnownFileType = sourcecode.c.objc; path = Product.m; sourceTree = "<group>"; };
		8527310B1B7113E800434D81 /* ProductCategory.h */ = {isa = PBXFileReference; fileEncoding = 4; lastKnownFileType = sourcecode.c.h; path = ProductCategory.h; sourceTree = "<group>"; };
		8527310C1B7113E800434D81 /* ProductCategory.m */ = {isa = PBXFileReference; fileEncoding = 4; lastKnownFileType = sourcecode.c.objc; path = ProductCategory.m; sourceTree = "<group>"; };
		8527310F1B71141300434D81 /* NSObject+PE.h */ = {isa = PBXFileReference; fileEncoding = 4; lastKnownFileType = sourcecode.c.h; path = "NSObject+PE.h"; sourceTree = "<group>"; };
		852731101B71141300434D81 /* NSObject+PE.m */ = {isa = PBXFileReference; fileEncoding = 4; lastKnownFileType = sourcecode.c.objc; path = "NSObject+PE.m"; sourceTree = "<group>"; };
/* End PBXFileReference section */

/* Begin PBXFrameworksBuildPhase section */
		852730601B710ABF00434D81 /* Frameworks */ = {
			isa = PBXFrameworksBuildPhase;
			buildActionMask = 2147483647;
			files = (
			);
			runOnlyForDeploymentPostprocessing = 0;
		};
		852730791B710ABF00434D81 /* Frameworks */ = {
			isa = PBXFrameworksBuildPhase;
			buildActionMask = 2147483647;
			files = (
			);
			runOnlyForDeploymentPostprocessing = 0;
		};
/* End PBXFrameworksBuildPhase section */

/* Begin PBXGroup section */
		8527305A1B710ABF00434D81 = {
			isa = PBXGroup;
			children = (
				852730651B710ABF00434D81 /* RetailSample */,
				8527307F1B710ABF00434D81 /* RetailSampleTests */,
				852730641B710ABF00434D81 /* Products */,
			);
			sourceTree = "<group>";
		};
		852730641B710ABF00434D81 /* Products */ = {
			isa = PBXGroup;
			children = (
				852730631B710ABF00434D81 /* RetailSample.app */,
				8527307C1B710ABF00434D81 /* RetailSampleTests.xctest */,
			);
			name = Products;
			sourceTree = "<group>";
		};
		852730651B710ABF00434D81 /* RetailSample */ = {
			isa = PBXGroup;
			children = (
				8527310E1B71141300434D81 /* NSObject + PE */,
				8527310B1B7113E800434D81 /* ProductCategory.h */,
				8527310C1B7113E800434D81 /* ProductCategory.m */,
				852731081B7113E800434D81 /* Product.h */,
				852731091B7113E800434D81 /* Product.m */,
				8527308C1B710AE300434D81 /* DatabaseManager */,
				852730901B710AE300434D81 /* MagicalRecord */,
				8527306A1B710ABF00434D81 /* AppDelegate.h */,
				8527306B1B710ABF00434D81 /* AppDelegate.m */,
				8527306D1B710ABF00434D81 /* ViewController.h */,
				8527306E1B710ABF00434D81 /* ViewController.m */,
				852730701B710ABF00434D81 /* Main.storyboard */,
				852730731B710ABF00434D81 /* Images.xcassets */,
				852730751B710ABF00434D81 /* LaunchScreen.xib */,
				852730661B710ABF00434D81 /* Supporting Files */,
				852730E71B710B1E00434D81 /* RetailSample.xcdatamodeld */,
			);
			path = RetailSample;
			sourceTree = "<group>";
		};
		852730661B710ABF00434D81 /* Supporting Files */ = {
			isa = PBXGroup;
			children = (
				852730671B710ABF00434D81 /* Info.plist */,
				852730681B710ABF00434D81 /* main.m */,
			);
			name = "Supporting Files";
			sourceTree = "<group>";
		};
		8527307F1B710ABF00434D81 /* RetailSampleTests */ = {
			isa = PBXGroup;
			children = (
				852730821B710ABF00434D81 /* RetailSampleTests.m */,
				852730801B710ABF00434D81 /* Supporting Files */,
			);
			path = RetailSampleTests;
			sourceTree = "<group>";
		};
		852730801B710ABF00434D81 /* Supporting Files */ = {
			isa = PBXGroup;
			children = (
				852730811B710ABF00434D81 /* Info.plist */,
			);
			name = "Supporting Files";
			sourceTree = "<group>";
		};
		8527308C1B710AE300434D81 /* DatabaseManager */ = {
			isa = PBXGroup;
			children = (
				8527308D1B710AE300434D81 /* CoreDataModals.h */,
				8527308E1B710AE300434D81 /* DatabaseManager.h */,
				8527308F1B710AE300434D81 /* DatabaseManager.m */,
			);
			path = DatabaseManager;
			sourceTree = "<group>";
		};
		852730901B710AE300434D81 /* MagicalRecord */ = {
			isa = PBXGroup;
			children = (
				852730911B710AE300434D81 /* Categories */,
				852730BB1B710AE300434D81 /* Core */,
				852730CB1B710AE300434D81 /* CoreData+MagicalRecord.h */,
			);
			path = MagicalRecord;
			sourceTree = "<group>";
		};
		852730911B710AE300434D81 /* Categories */ = {
			isa = PBXGroup;
			children = (
				852730921B710AE300434D81 /* DataImport */,
				852730A11B710AE300434D81 /* NSManagedObject */,
				852730AC1B710AE300434D81 /* NSManagedObjectContext */,
				852730B51B710AE300434D81 /* NSManagedObjectModel+MagicalRecord.h */,
				852730B61B710AE300434D81 /* NSManagedObjectModel+MagicalRecord.m */,
				852730B71B710AE300434D81 /* NSPersistentStore+MagicalRecord.h */,
				852730B81B710AE300434D81 /* NSPersistentStore+MagicalRecord.m */,
				852730B91B710AE300434D81 /* NSPersistentStoreCoordinator+MagicalRecord.h */,
				852730BA1B710AE300434D81 /* NSPersistentStoreCoordinator+MagicalRecord.m */,
			);
			path = Categories;
			sourceTree = "<group>";
		};
		852730921B710AE300434D81 /* DataImport */ = {
			isa = PBXGroup;
			children = (
				852730931B710AE300434D81 /* MagicalImportFunctions.h */,
				852730941B710AE300434D81 /* MagicalImportFunctions.m */,
				852730951B710AE300434D81 /* NSAttributeDescription+MagicalDataImport.h */,
				852730961B710AE300434D81 /* NSAttributeDescription+MagicalDataImport.m */,
				852730971B710AE300434D81 /* NSEntityDescription+MagicalDataImport.h */,
				852730981B710AE300434D81 /* NSEntityDescription+MagicalDataImport.m */,
				852730991B710AE300434D81 /* NSNumber+MagicalDataImport.h */,
				8527309A1B710AE300434D81 /* NSNumber+MagicalDataImport.m */,
				8527309B1B710AE300434D81 /* NSObject+MagicalDataImport.h */,
				8527309C1B710AE300434D81 /* NSObject+MagicalDataImport.m */,
				8527309D1B710AE300434D81 /* NSRelationshipDescription+MagicalDataImport.h */,
				8527309E1B710AE300434D81 /* NSRelationshipDescription+MagicalDataImport.m */,
				8527309F1B710AE300434D81 /* NSString+MagicalDataImport.h */,
				852730A01B710AE300434D81 /* NSString+MagicalDataImport.m */,
			);
			path = DataImport;
			sourceTree = "<group>";
		};
		852730A11B710AE300434D81 /* NSManagedObject */ = {
			isa = PBXGroup;
			children = (
				852730A21B710AE300434D81 /* NSManagedObject+MagicalAggregation.h */,
				852730A31B710AE300434D81 /* NSManagedObject+MagicalAggregation.m */,
				852730A41B710AE300434D81 /* NSManagedObject+MagicalDataImport.h */,
				852730A51B710AE300434D81 /* NSManagedObject+MagicalDataImport.m */,
				852730A61B710AE300434D81 /* NSManagedObject+MagicalFinders.h */,
				852730A71B710AE300434D81 /* NSManagedObject+MagicalFinders.m */,
				852730A81B710AE300434D81 /* NSManagedObject+MagicalRecord.h */,
				852730A91B710AE300434D81 /* NSManagedObject+MagicalRecord.m */,
				852730AA1B710AE300434D81 /* NSManagedObject+MagicalRequests.h */,
				852730AB1B710AE300434D81 /* NSManagedObject+MagicalRequests.m */,
			);
			path = NSManagedObject;
			sourceTree = "<group>";
		};
		852730AC1B710AE300434D81 /* NSManagedObjectContext */ = {
			isa = PBXGroup;
			children = (
				852730AD1B710AE300434D81 /* NSManagedObjectContext+MagicalObserving.h */,
				852730AE1B710AE300434D81 /* NSManagedObjectContext+MagicalObserving.m */,
				852730AF1B710AE300434D81 /* NSManagedObjectContext+MagicalRecord.h */,
				852730B01B710AE300434D81 /* NSManagedObjectContext+MagicalRecord.m */,
				852730B11B710AE300434D81 /* NSManagedObjectContext+MagicalSaves.h */,
				852730B21B710AE300434D81 /* NSManagedObjectContext+MagicalSaves.m */,
				852730B31B710AE300434D81 /* NSManagedObjectContext+MagicalThreading.h */,
				852730B41B710AE300434D81 /* NSManagedObjectContext+MagicalThreading.m */,
			);
			path = NSManagedObjectContext;
			sourceTree = "<group>";
		};
		852730BB1B710AE300434D81 /* Core */ = {
			isa = PBXGroup;
			children = (
				852730BC1B710AE300434D81 /* MagicalRecord+Actions.h */,
				852730BD1B710AE300434D81 /* MagicalRecord+Actions.m */,
				852730BE1B710AE300434D81 /* MagicalRecord+ErrorHandling.h */,
				852730BF1B710AE300434D81 /* MagicalRecord+ErrorHandling.m */,
				852730C01B710AE300434D81 /* MagicalRecord+iCloud.h */,
				852730C11B710AE300434D81 /* MagicalRecord+iCloud.m */,
				852730C21B710AE300434D81 /* MagicalRecord+Options.h */,
				852730C31B710AE300434D81 /* MagicalRecord+Options.m */,
				852730C41B710AE300434D81 /* MagicalRecord+Setup.h */,
				852730C51B710AE300434D81 /* MagicalRecord+Setup.m */,
				852730C61B710AE300434D81 /* MagicalRecord+ShorthandSupport.h */,
				852730C71B710AE300434D81 /* MagicalRecord+ShorthandSupport.m */,
				852730C81B710AE300434D81 /* MagicalRecord.h */,
				852730C91B710AE300434D81 /* MagicalRecord.m */,
				852730CA1B710AE300434D81 /* MagicalRecordShorthand.h */,
			);
			path = Core;
			sourceTree = "<group>";
		};
		8527310E1B71141300434D81 /* NSObject + PE */ = {
			isa = PBXGroup;
			children = (
				8527310F1B71141300434D81 /* NSObject+PE.h */,
				852731101B71141300434D81 /* NSObject+PE.m */,
			);
			path = "NSObject + PE";
			sourceTree = "<group>";
		};
/* End PBXGroup section */

/* Begin PBXNativeTarget section */
		852730621B710ABF00434D81 /* RetailSample */ = {
			isa = PBXNativeTarget;
			buildConfigurationList = 852730861B710ABF00434D81 /* Build configuration list for PBXNativeTarget "RetailSample" */;
			buildPhases = (
				8527305F1B710ABF00434D81 /* Sources */,
				852730601B710ABF00434D81 /* Frameworks */,
				852730611B710ABF00434D81 /* Resources */,
			);
			buildRules = (
			);
			dependencies = (
			);
			name = RetailSample;
			productName = RetailSample;
			productReference = 852730631B710ABF00434D81 /* RetailSample.app */;
			productType = "com.apple.product-type.application";
		};
		8527307B1B710ABF00434D81 /* RetailSampleTests */ = {
			isa = PBXNativeTarget;
			buildConfigurationList = 852730891B710ABF00434D81 /* Build configuration list for PBXNativeTarget "RetailSampleTests" */;
			buildPhases = (
				852730781B710ABF00434D81 /* Sources */,
				852730791B710ABF00434D81 /* Frameworks */,
				8527307A1B710ABF00434D81 /* Resources */,
			);
			buildRules = (
			);
			dependencies = (
				8527307E1B710ABF00434D81 /* PBXTargetDependency */,
			);
			name = RetailSampleTests;
			productName = RetailSampleTests;
			productReference = 8527307C1B710ABF00434D81 /* RetailSampleTests.xctest */;
			productType = "com.apple.product-type.bundle.unit-test";
		};
/* End PBXNativeTarget section */

/* Begin PBXProject section */
		8527305B1B710ABF00434D81 /* Project object */ = {
			isa = PBXProject;
			attributes = {
				LastUpgradeCheck = 0640;
				ORGANIZATIONNAME = "Vishal Gupta";
				TargetAttributes = {
					852730621B710ABF00434D81 = {
						CreatedOnToolsVersion = 6.4;
					};
					8527307B1B710ABF00434D81 = {
						CreatedOnToolsVersion = 6.4;
						TestTargetID = 852730621B710ABF00434D81;
					};
				};
			};
			buildConfigurationList = 8527305E1B710ABF00434D81 /* Build configuration list for PBXProject "RetailSample" */;
			compatibilityVersion = "Xcode 3.2";
			developmentRegion = English;
			hasScannedForEncodings = 0;
			knownRegions = (
				en,
				Base,
			);
			mainGroup = 8527305A1B710ABF00434D81;
			productRefGroup = 852730641B710ABF00434D81 /* Products */;
			projectDirPath = "";
			projectRoot = "";
			targets = (
				852730621B710ABF00434D81 /* RetailSample */,
				8527307B1B710ABF00434D81 /* RetailSampleTests */,
			);
		};
/* End PBXProject section */

/* Begin PBXResourcesBuildPhase section */
		852730611B710ABF00434D81 /* Resources */ = {
			isa = PBXResourcesBuildPhase;
			buildActionMask = 2147483647;
			files = (
				852730721B710ABF00434D81 /* Main.storyboard in Resources */,
				852730771B710ABF00434D81 /* LaunchScreen.xib in Resources */,
				852730741B710ABF00434D81 /* Images.xcassets in Resources */,
			);
			runOnlyForDeploymentPostprocessing = 0;
		};
		8527307A1B710ABF00434D81 /* Resources */ = {
			isa = PBXResourcesBuildPhase;
			buildActionMask = 2147483647;
			files = (
			);
			runOnlyForDeploymentPostprocessing = 0;
		};
/* End PBXResourcesBuildPhase section */

/* Begin PBXSourcesBuildPhase section */
		8527305F1B710ABF00434D81 /* Sources */ = {
			isa = PBXSourcesBuildPhase;
			buildActionMask = 2147483647;
			files = (
				852730D71B710AE300434D81 /* NSManagedObject+MagicalRecord.m in Sources */,
				852730E91B710B1E00434D81 /* RetailSample.xcdatamodeld in Sources */,
				852730E61B710AE300434D81 /* MagicalRecord.m in Sources */,
				852730CE1B710AE300434D81 /* NSAttributeDescription+MagicalDataImport.m in Sources */,
				852730D81B710AE300434D81 /* NSManagedObject+MagicalRequests.m in Sources */,
				8527310A1B7113E800434D81 /* Product.m in Sources */,
				852730D21B710AE300434D81 /* NSRelationshipDescription+MagicalDataImport.m in Sources */,
				852730CD1B710AE300434D81 /* MagicalImportFunctions.m in Sources */,
				852730DC1B710AE300434D81 /* NSManagedObjectContext+MagicalThreading.m in Sources */,
				852730D91B710AE300434D81 /* NSManagedObjectContext+MagicalObserving.m in Sources */,
				852730CF1B710AE300434D81 /* NSEntityDescription+MagicalDataImport.m in Sources */,
				852730CC1B710AE300434D81 /* DatabaseManager.m in Sources */,
				852730DF1B710AE300434D81 /* NSPersistentStoreCoordinator+MagicalRecord.m in Sources */,
				852730DD1B710AE300434D81 /* NSManagedObjectModel+MagicalRecord.m in Sources */,
				8527306F1B710ABF00434D81 /* ViewController.m in Sources */,
				852730DE1B710AE300434D81 /* NSPersistentStore+MagicalRecord.m in Sources */,
				852730E21B710AE300434D81 /* MagicalRecord+iCloud.m in Sources */,
				852730E51B710AE300434D81 /* MagicalRecord+ShorthandSupport.m in Sources */,
				852730D61B710AE300434D81 /* NSManagedObject+MagicalFinders.m in Sources */,
				852730D11B710AE300434D81 /* NSObject+MagicalDataImport.m in Sources */,
				852730D31B710AE300434D81 /* NSString+MagicalDataImport.m in Sources */,
				8527306C1B710ABF00434D81 /* AppDelegate.m in Sources */,
				852730DB1B710AE300434D81 /* NSManagedObjectContext+MagicalSaves.m in Sources */,
				852730D41B710AE300434D81 /* NSManagedObject+MagicalAggregation.m in Sources */,
				852730E31B710AE300434D81 /* MagicalRecord+Options.m in Sources */,
				852730E41B710AE300434D81 /* MagicalRecord+Setup.m in Sources */,
				852730E11B710AE300434D81 /* MagicalRecord+ErrorHandling.m in Sources */,
				852730E01B710AE300434D81 /* MagicalRecord+Actions.m in Sources */,
				852730691B710ABF00434D81 /* main.m in Sources */,
				852730DA1B710AE300434D81 /* NSManagedObjectContext+MagicalRecord.m in Sources */,
				852731111B71141300434D81 /* NSObject+PE.m in Sources */,
				852730D01B710AE300434D81 /* NSNumber+MagicalDataImport.m in Sources */,
				8527310D1B7113E800434D81 /* ProductCategory.m in Sources */,
				852730D51B710AE300434D81 /* NSManagedObject+MagicalDataImport.m in Sources */,
			);
			runOnlyForDeploymentPostprocessing = 0;
		};
		852730781B710ABF00434D81 /* Sources */ = {
			isa = PBXSourcesBuildPhase;
			buildActionMask = 2147483647;
			files = (
				852730831B710ABF00434D81 /* RetailSampleTests.m in Sources */,
			);
			runOnlyForDeploymentPostprocessing = 0;
		};
/* End PBXSourcesBuildPhase section */

/* Begin PBXTargetDependency section */
		8527307E1B710ABF00434D81 /* PBXTargetDependency */ = {
			isa = PBXTargetDependency;
			target = 852730621B710ABF00434D81 /* RetailSample */;
			targetProxy = 8527307D1B710ABF00434D81 /* PBXContainerItemProxy */;
		};
/* End PBXTargetDependency section */

/* Begin PBXVariantGroup section */
		852730701B710ABF00434D81 /* Main.storyboard */ = {
			isa = PBXVariantGroup;
			children = (
				852730711B710ABF00434D81 /* Base */,
			);
			name = Main.storyboard;
			sourceTree = "<group>";
		};
		852730751B710ABF00434D81 /* LaunchScreen.xib */ = {
			isa = PBXVariantGroup;
			children = (
				852730761B710ABF00434D81 /* Base */,
			);
			name = LaunchScreen.xib;
			sourceTree = "<group>";
		};
/* End PBXVariantGroup section */

/* Begin XCBuildConfiguration section */
		852730841B710ABF00434D81 /* Debug */ = {
			isa = XCBuildConfiguration;
			buildSettings = {
				ALWAYS_SEARCH_USER_PATHS = NO;
				CLANG_CXX_LANGUAGE_STANDARD = "gnu++0x";
				CLANG_CXX_LIBRARY = "libc++";
				CLANG_ENABLE_MODULES = YES;
				CLANG_ENABLE_OBJC_ARC = YES;
				CLANG_WARN_BOOL_CONVERSION = YES;
				CLANG_WARN_CONSTANT_CONVERSION = YES;
				CLANG_WARN_DIRECT_OBJC_ISA_USAGE = YES_ERROR;
				CLANG_WARN_EMPTY_BODY = YES;
				CLANG_WARN_ENUM_CONVERSION = YES;
				CLANG_WARN_INT_CONVERSION = YES;
				CLANG_WARN_OBJC_ROOT_CLASS = YES_ERROR;
				CLANG_WARN_UNREACHABLE_CODE = YES;
				CLANG_WARN__DUPLICATE_METHOD_MATCH = YES;
				"CODE_SIGN_IDENTITY[sdk=iphoneos*]" = "iPhone Developer";
				COPY_PHASE_STRIP = NO;
				DEBUG_INFORMATION_FORMAT = "dwarf-with-dsym";
				ENABLE_STRICT_OBJC_MSGSEND = YES;
				GCC_C_LANGUAGE_STANDARD = gnu99;
				GCC_DYNAMIC_NO_PIC = NO;
				GCC_NO_COMMON_BLOCKS = YES;
				GCC_OPTIMIZATION_LEVEL = 0;
				GCC_PREPROCESSOR_DEFINITIONS = (
					"DEBUG=1",
					"$(inherited)",
				);
				GCC_SYMBOLS_PRIVATE_EXTERN = NO;
				GCC_WARN_64_TO_32_BIT_CONVERSION = YES;
				GCC_WARN_ABOUT_RETURN_TYPE = YES_ERROR;
				GCC_WARN_UNDECLARED_SELECTOR = YES;
				GCC_WARN_UNINITIALIZED_AUTOS = YES_AGGRESSIVE;
				GCC_WARN_UNUSED_FUNCTION = YES;
				GCC_WARN_UNUSED_VARIABLE = YES;
				IPHONEOS_DEPLOYMENT_TARGET = 8.4;
				MTL_ENABLE_DEBUG_INFO = YES;
				ONLY_ACTIVE_ARCH = YES;
				SDKROOT = iphoneos;
			};
			name = Debug;
		};
		852730851B710ABF00434D81 /* Release */ = {
			isa = XCBuildConfiguration;
			buildSettings = {
				ALWAYS_SEARCH_USER_PATHS = NO;
				CLANG_CXX_LANGUAGE_STANDARD = "gnu++0x";
				CLANG_CXX_LIBRARY = "libc++";
				CLANG_ENABLE_MODULES = YES;
				CLANG_ENABLE_OBJC_ARC = YES;
				CLANG_WARN_BOOL_CONVERSION = YES;
				CLANG_WARN_CONSTANT_CONVERSION = YES;
				CLANG_WARN_DIRECT_OBJC_ISA_USAGE = YES_ERROR;
				CLANG_WARN_EMPTY_BODY = YES;
				CLANG_WARN_ENUM_CONVERSION = YES;
				CLANG_WARN_INT_CONVERSION = YES;
				CLANG_WARN_OBJC_ROOT_CLASS = YES_ERROR;
				CLANG_WARN_UNREACHABLE_CODE = YES;
				CLANG_WARN__DUPLICATE_METHOD_MATCH = YES;
				"CODE_SIGN_IDENTITY[sdk=iphoneos*]" = "iPhone Developer";
				COPY_PHASE_STRIP = NO;
				DEBUG_INFORMATION_FORMAT = "dwarf-with-dsym";
				ENABLE_NS_ASSERTIONS = NO;
				ENABLE_STRICT_OBJC_MSGSEND = YES;
				GCC_C_LANGUAGE_STANDARD = gnu99;
				GCC_NO_COMMON_BLOCKS = YES;
				GCC_WARN_64_TO_32_BIT_CONVERSION = YES;
				GCC_WARN_ABOUT_RETURN_TYPE = YES_ERROR;
				GCC_WARN_UNDECLARED_SELECTOR = YES;
				GCC_WARN_UNINITIALIZED_AUTOS = YES_AGGRESSIVE;
				GCC_WARN_UNUSED_FUNCTION = YES;
				GCC_WARN_UNUSED_VARIABLE = YES;
				IPHONEOS_DEPLOYMENT_TARGET = 8.4;
				MTL_ENABLE_DEBUG_INFO = NO;
				SDKROOT = iphoneos;
				VALIDATE_PRODUCT = YES;
			};
			name = Release;
		};
		852730871B710ABF00434D81 /* Debug */ = {
			isa = XCBuildConfiguration;
			buildSettings = {
				ASSETCATALOG_COMPILER_APPICON_NAME = AppIcon;
				INFOPLIST_FILE = RetailSample/Info.plist;
				LD_RUNPATH_SEARCH_PATHS = "$(inherited) @executable_path/Frameworks";
				PRODUCT_NAME = "$(TARGET_NAME)";
			};
			name = Debug;
		};
		852730881B710ABF00434D81 /* Release */ = {
			isa = XCBuildConfiguration;
			buildSettings = {
				ASSETCATALOG_COMPILER_APPICON_NAME = AppIcon;
				INFOPLIST_FILE = RetailSample/Info.plist;
				LD_RUNPATH_SEARCH_PATHS = "$(inherited) @executable_path/Frameworks";
				PRODUCT_NAME = "$(TARGET_NAME)";
			};
			name = Release;
		};
		8527308A1B710ABF00434D81 /* Debug */ = {
			isa = XCBuildConfiguration;
			buildSettings = {
				BUNDLE_LOADER = "$(TEST_HOST)";
				FRAMEWORK_SEARCH_PATHS = (
					"$(SDKROOT)/Developer/Library/Frameworks",
					"$(inherited)",
				);
				GCC_PREPROCESSOR_DEFINITIONS = (
					"DEBUG=1",
					"$(inherited)",
				);
				INFOPLIST_FILE = RetailSampleTests/Info.plist;
				LD_RUNPATH_SEARCH_PATHS = "$(inherited) @executable_path/Frameworks @loader_path/Frameworks";
				PRODUCT_NAME = "$(TARGET_NAME)";
				TEST_HOST = "$(BUILT_PRODUCTS_DIR)/RetailSample.app/RetailSample";
			};
			name = Debug;
		};
		8527308B1B710ABF00434D81 /* Release */ = {
			isa = XCBuildConfiguration;
			buildSettings = {
				BUNDLE_LOADER = "$(TEST_HOST)";
				FRAMEWORK_SEARCH_PATHS = (
					"$(SDKROOT)/Developer/Library/Frameworks",
					"$(inherited)",
				);
				INFOPLIST_FILE = RetailSampleTests/Info.plist;
				LD_RUNPATH_SEARCH_PATHS = "$(inherited) @executable_path/Frameworks @loader_path/Frameworks";
				PRODUCT_NAME = "$(TARGET_NAME)";
				TEST_HOST = "$(BUILT_PRODUCTS_DIR)/RetailSample.app/RetailSample";
			};
			name = Release;
		};
/* End XCBuildConfiguration section */

/* Begin XCConfigurationList section */
		8527305E1B710ABF00434D81 /* Build configuration list for PBXProject "RetailSample" */ = {
			isa = XCConfigurationList;
			buildConfigurations = (
				852730841B710ABF00434D81 /* Debug */,
				852730851B710ABF00434D81 /* Release */,
			);
			defaultConfigurationIsVisible = 0;
			defaultConfigurationName = Release;
		};
		852730861B710ABF00434D81 /* Build configuration list for PBXNativeTarget "RetailSample" */ = {
			isa = XCConfigurationList;
			buildConfigurations = (
				852730871B710ABF00434D81 /* Debug */,
				852730881B710ABF00434D81 /* Release */,
			);
			defaultConfigurationIsVisible = 0;
		};
		852730891B710ABF00434D81 /* Build configuration list for PBXNativeTarget "RetailSampleTests" */ = {
			isa = XCConfigurationList;
			buildConfigurations = (
				8527308A1B710ABF00434D81 /* Debug */,
				8527308B1B710ABF00434D81 /* Release */,
			);
			defaultConfigurationIsVisible = 0;
		};
/* End XCConfigurationList section */

/* Begin XCVersionGroup section */
		852730E71B710B1E00434D81 /* RetailSample.xcdatamodeld */ = {
			isa = XCVersionGroup;
			children = (
				852730E81B710B1E00434D81 /* RetailSample.xcdatamodel */,
			);
			currentVersion = 852730E81B710B1E00434D81 /* RetailSample.xcdatamodel */;
			path = RetailSample.xcdatamodeld;
			sourceTree = "<group>";
			versionGroupType = wrapper.xcdatamodel;
		};
/* End XCVersionGroup section */
	};
	rootObject = 8527305B1B710ABF00434D81 /* Project object */;
}
